
Microsoft Visual Studio Solution File, Format Version 12.00
# Visual Studio 15
VisualStudioVersion = 15.0.27130.2010
MinimumVisualStudioVersion = 10.0.40219.1
Project("{FAE04EC0-301F-11D3-BF4B-00C04F79EFBC}") = "BookReviewMVC2018", "BookReviewMVC2018\BookReviewMVC2018.csproj", "{C7CBAA09-57E9-42AE-9B10-CA7686D44EFC}"
EndProject
Global
	GlobalSection(SolutionConfigurationPlatforms) = preSolution
		Debug|Any CPU = Debug|Any CPU
		Release|Any CPU = Release|Any CPU
	EndGlobalSection
	GlobalSection(ProjectConfigurationPlatforms) = postSolution
		{C7CBAA09-57E9-42AE-9B10-CA7686D44EFC}.Debug|Any CPU.ActiveCfg = Debug|Any CPU
		{C7CBAA09-57E9-42AE-9B10-CA7686D44EFC}.Debug|Any CPU.Build.0 = Debug|Any CPU
		{C7CBAA09-57E9-42AE-9B10-CA7686D44EFC}.Release|Any CPU.ActiveCfg = Release|Any CPU
		{C7CBAA09-57E9-42AE-9B10-CA7686D44EFC}.Release|Any CPU.Build.0 = Release|Any CPU
	EndGlobalSection
	GlobalSection(SolutionProperties) = preSolution
		HideSolutionNode = FALSE
	EndGlobalSection
	GlobalSection(ExtensibilityGlobals) = postSolution
		SolutionGuid = {525CAAB5-8A80-4C91-B247-F31EBFDD6468}
	EndGlobalSection
EndGlobal
