
Microsoft Visual Studio Solution File, Format Version 12.00
# Visual Studio 15
VisualStudioVersion = 15.0.27130.2010
MinimumVisualStudioVersion = 10.0.40219.1
Project("{FAE04EC0-301F-11D3-BF4B-00C04F79EFBC}") = "CommunityAssistMVC", "CommunityAssistMVC\CommunityAssistMVC.csproj", "{B963D644-D75D-4B92-9A78-DA2DC293A63A}"
EndProject
Global
	GlobalSection(SolutionConfigurationPlatforms) = preSolution
		Debug|Any CPU = Debug|Any CPU
		Release|Any CPU = Release|Any CPU
	EndGlobalSection
	GlobalSection(ProjectConfigurationPlatforms) = postSolution
		{B963D644-D75D-4B92-9A78-DA2DC293A63A}.Debug|Any CPU.ActiveCfg = Debug|Any CPU
		{B963D644-D75D-4B92-9A78-DA2DC293A63A}.Debug|Any CPU.Build.0 = Debug|Any CPU
		{B963D644-D75D-4B92-9A78-DA2DC293A63A}.Release|Any CPU.ActiveCfg = Release|Any CPU
		{B963D644-D75D-4B92-9A78-DA2DC293A63A}.Release|Any CPU.Build.0 = Release|Any CPU
	EndGlobalSection
	GlobalSection(SolutionProperties) = preSolution
		HideSolutionNode = FALSE
	EndGlobalSection
	GlobalSection(ExtensibilityGlobals) = postSolution
		SolutionGuid = {28D38B45-C252-4F67-B3C0-25C7529C65D6}
	EndGlobalSection
EndGlobal
